Microsoft Visual Studio Solution File, Format Version 12.00
# Visual Studio Version 17
VisualStudioVersion = 17.0.31903.59
MinimumVisualStudioVersion = 10.0.40219.1
Project("{FAE04EC0-301F-11D3-BF4B-00C04F79EFBC}") = "BookLendingApp", "src\BookLendingApp.csproj", "{CAADC02C-8F9C-85AF-DC7C-DF91075A3128}"
EndProject
Project("{FAE04EC0-301F-11D3-BF4B-00C04F79EFBC}") = "BookLendingApp.Tests", "test\BookLendingApp.Tests.csproj", "{B1234567-89AB-CDEF-0123-456789ABCDEF}"
EndProject
Project("{2150E333-8FDC-42A3-9474-1A3956D46DE8}") = "deployment", "deployment", "{D1234567-89AB-CDEF-0123-456789ABCDEF}"
	ProjectSection(SolutionItems) = preProject
		deployment\api-gateway.yaml = deployment\api-gateway.yaml
		deployment\minimal-infrastructure.yaml = deployment\minimal-infrastructure.yaml
		deployment\serverless.template = deployment\serverless.template
	EndProjectSection
EndProject
Global
	GlobalSection(SolutionConfigurationPlatforms) = preSolution
		Debug|Any CPU = Debug|Any CPU
		Release|Any CPU = Release|Any CPU
	EndGlobalSection
	GlobalSection(ProjectConfigurationPlatforms) = postSolution
		{CAADC02C-8F9C-85AF-DC7C-DF91075A3128}.Debug|Any CPU.ActiveCfg = Debug|Any CPU
		{CAADC02C-8F9C-85AF-DC7C-DF91075A3128}.Debug|Any CPU.Build.0 = Debug|Any CPU
		{CAADC02C-8F9C-85AF-DC7C-DF91075A3128}.Release|Any CPU.ActiveCfg = Release|Any CPU
		{CAADC02C-8F9C-85AF-DC7C-DF91075A3128}.Release|Any CPU.Build.0 = Release|Any CPU
		{B1234567-89AB-CDEF-0123-456789ABCDEF}.Debug|Any CPU.ActiveCfg = Debug|Any CPU
		{B1234567-89AB-CDEF-0123-456789ABCDEF}.Debug|Any CPU.Build.0 = Debug|Any CPU
		{B1234567-89AB-CDEF-0123-456789ABCDEF}.Release|Any CPU.ActiveCfg = Release|Any CPU
		{B1234567-89AB-CDEF-0123-456789ABCDEF}.Release|Any CPU.Build.0 = Release|Any CPU
	EndGlobalSection
EndGlobal